
Microsoft Visual Studio Solution File, Format Version 12.00
# Visual Studio Version 17
VisualStudioVersion = 17.5.33502.453
MinimumVisualStudioVersion = 10.0.40219.1
Project("{FAE04EC0-301F-11D3-BF4B-00C04F79EFBC}") = "ParcialFinal", "ParcialFinal\ParcialFinal.csproj", "{94A1C414-16A9-47B6-A286-48DF5C2F11B5}"
EndProject
Global
	GlobalSection(SolutionConfigurationPlatforms) = preSolution
		Debug|Any CPU = Debug|Any CPU
		Release|Any CPU = Release|Any CPU
	EndGlobalSection
	GlobalSection(ProjectConfigurationPlatforms) = postSolution
		{94A1C414-16A9-47B6-A286-48DF5C2F11B5}.Debug|Any CPU.ActiveCfg = Debug|Any CPU
		{94A1C414-16A9-47B6-A286-48DF5C2F11B5}.Debug|Any CPU.Build.0 = Debug|Any CPU
		{94A1C414-16A9-47B6-A286-48DF5C2F11B5}.Release|Any CPU.ActiveCfg = Release|Any CPU
		{94A1C414-16A9-47B6-A286-48DF5C2F11B5}.Release|Any CPU.Build.0 = Release|Any CPU
	EndGlobalSection
	GlobalSection(SolutionProperties) = preSolution
		HideSolutionNode = FALSE
	EndGlobalSection
	GlobalSection(ExtensibilityGlobals) = postSolution
		SolutionGuid = {17622416-97C9-407D-B1BB-8C5C7FA3A95F}
	EndGlobalSection
EndGlobal
